<?xml version="1.0" encoding="utf-8"?>
<Project ToolsVersion="4.0" xmlns="http://schemas.microsoft.com/developer/msbuild/2003">
  <ItemGroup>
    <Filter Include="Source Files">
      <UniqueIdentifier>{4FC737F1-C7A5-4376-A066-2A32D752A2FF}</UniqueIdentifier>
      <Extensions>cpp;cxx;c;def</Extensions>
    </Filter>
    <Filter Include="Header Files">
      <UniqueIdentifier>{93995380-89BD-4b04-88EB-625FBE52EBFB}</UniqueIdentifier>
      <Extensions>h</Extensions>
    </Filter>
    <Filter Include="Form Files">
      <UniqueIdentifier>{99349809-55BA-4b9d-BF79-8FDBB0286EB3}</UniqueIdentifier>
      <Extensions>ui</Extensions>
    </Filter>
    <Filter Include="Resource Files">
      <UniqueIdentifier>{D9D6E242-F8AF-46E4-B9FD-80ECBC20BA3E}</UniqueIdentifier>
      <Extensions>qrc;*</Extensions>
      <ParseFiles>false</ParseFiles>
    </Filter>
    <Filter Include="Generated Files">
      <UniqueIdentifier>{71ED8ED8-ACB9-4CE9-BBE1-E00B30144E11}</UniqueIdentifier>
      <Extensions>moc;h;cpp</Extensions>
      <SourceControlFiles>False</SourceControlFiles>
    </Filter>
    <Filter Include="Generated Files\Debug">
      <UniqueIdentifier>{40b0730c-58b9-4c6e-aeae-8a08afa2ddb3}</UniqueIdentifier>
      <Extensions>cpp;moc</Extensions>
      <SourceControlFiles>False</SourceControlFiles>
    </Filter>
    <Filter Include="Generated Files\Release">
      <UniqueIdentifier>{b161cdb4-ce87-4c5e-9334-e110ed2e72ec}</UniqueIdentifier>
      <Extensions>cpp;moc</Extensions>
      <SourceControlFiles>False</SourceControlFiles>
    </Filter>
    <Filter Include="OpenToonz">
      <UniqueIdentifier>{3c00541b-08fe-4d38-98d1-0001410b721f}</UniqueIdentifier>
    </Filter>
    <Filter Include="OpenToonz\common">
      <UniqueIdentifier>{3bcb4343-0cd3-4db0-85ae-eb74f5f45195}</UniqueIdentifier>
    </Filter>
    <Filter Include="OpenToonz\tcg">
      <UniqueIdentifier>{d2f7c5b1-2162-4525-ab70-49a7895a08e6}</UniqueIdentifier>
    </Filter>
    <Filter Include="OpenToonz\tcg\hpp">
      <UniqueIdentifier>{830bbeb0-33c8-46eb-ba2e-a7e11afcd7a4}</UniqueIdentifier>
    </Filter>
    <Filter Include="OpenToonz\common\trop">
      <UniqueIdentifier>{c560363c-7b6a-45e5-bb94-aff309d506be}</UniqueIdentifier>
    </Filter>
    <Filter Include="OpenToonz\tools">
      <UniqueIdentifier>{5ee7557b-ed73-48f3-af15-44dca0b81052}</UniqueIdentifier>
    </Filter>
    <Filter Include="OpenToonz\toonz">
      <UniqueIdentifier>{5e9e1fee-fdb5-4846-8a6e-32e7ec8f4a99}</UniqueIdentifier>
    </Filter>
  </ItemGroup>
  <ItemGroup>
    <ClCompile Include="main.cpp">
      <Filter>Source Files</Filter>
    </ClCompile>
    <ClCompile Include="extractopentoonz.cpp">
      <Filter>Source Files</Filter>
    </ClCompile>
    <ClCompile Include="GeneratedFiles\Debug\moc_extractopentoonz.cpp">
      <Filter>Generated Files\Debug</Filter>
    </ClCompile>
    <ClCompile Include="GeneratedFiles\Release\moc_extractopentoonz.cpp">
      <Filter>Generated Files\Release</Filter>
    </ClCompile>
    <ClCompile Include="GeneratedFiles\qrc_extractopentoonz.cpp">
      <Filter>Generated Files</Filter>
    </ClCompile>
    <ClCompile Include="OpenToonz\gutil.cpp">
      <Filter>OpenToonz</Filter>
    </ClCompile>
    <ClCompile Include="OpenToonz\meshbuilder.cpp">
      <Filter>OpenToonz</Filter>
    </ClCompile>
    <ClCompile Include="OpenToonz\MeshOptionDialog.cpp">
      <Filter>OpenToonz</Filter>
    </ClCompile>
    <ClCompile Include="GeneratedFiles\Debug\moc_MeshOptionDialog.cpp">
      <Filter>Generated Files\Debug</Filter>
    </ClCompile>
    <ClCompile Include="GeneratedFiles\Release\moc_MeshOptionDialog.cpp">
      <Filter>Generated Files\Release</Filter>
    </ClCompile>
    <ClCompile Include="OpenToonz\meshutils.cpp">
      <Filter>OpenToonz</Filter>
    </ClCompile>
    <ClCompile Include="OpenToonz\tbigmemorymanager.cpp">
      <Filter>OpenToonz</Filter>
    </ClCompile>
    <ClCompile Include="OpenToonz\tblur.cpp">
      <Filter>OpenToonz</Filter>
    </ClCompile>
    <ClCompile Include="OpenToonz\texception.cpp">
      <Filter>OpenToonz</Filter>
    </ClCompile>
    <ClCompile Include="OpenToonz\tgeometry.cpp">
      <Filter>OpenToonz</Filter>
    </ClCompile>
    <ClCompile Include="OpenToonz\timage.cpp">
      <Filter>OpenToonz</Filter>
    </ClCompile>
    <ClCompile Include="OpenToonz\tmeshimage.cpp">
      <Filter>OpenToonz</Filter>
    </ClCompile>
    <ClCompile Include="OpenToonz\toperators.cpp">
      <Filter>OpenToonz</Filter>
    </ClCompile>
    <ClCompile Include="OpenToonz\tpixel.cpp">
      <Filter>OpenToonz</Filter>
    </ClCompile>
    <ClCompile Include="OpenToonz\tpixelutils.cpp">
      <Filter>OpenToonz</Filter>
    </ClCompile>
    <ClCompile Include="OpenToonz\traster.cpp">
      <Filter>OpenToonz</Filter>
    </ClCompile>
    <ClCompile Include="OpenToonz\trop_borders.cpp">
      <Filter>OpenToonz</Filter>
    </ClCompile>
    <ClCompile Include="OpenToonz\tsmartpointer.cpp">
      <Filter>OpenToonz</Filter>
    </ClCompile>
    <ClCompile Include="OpenToonz\tstring.cpp">
      <Filter>OpenToonz</Filter>
    </ClCompile>
    <ClCompile Include="OpenToonz\common\trop\runsmap.cpp">
      <Filter>OpenToonz\common\trop</Filter>
    </ClCompile>
    <ClCompile Include="SheetCanvas.cpp">
      <Filter>Source Files</Filter>
    </ClCompile>
    <ClCompile Include="GeneratedFiles\Debug\moc_SheetCanvas.cpp">
      <Filter>Generated Files\Debug</Filter>
    </ClCompile>
    <ClCompile Include="GeneratedFiles\Release\moc_SheetCanvas.cpp">
      <Filter>Generated Files\Release</Filter>
    </ClCompile>
    <ClCompile Include="GeneratedFiles\Debug\moc_plastictool.cpp">
      <Filter>Generated Files\Debug</Filter>
    </ClCompile>
    <ClCompile Include="GeneratedFiles\Release\moc_plastictool.cpp">
      <Filter>Generated Files\Release</Filter>
    </ClCompile>
    <ClCompile Include="OpenToonz\tparam.cpp">
      <Filter>OpenToonz</Filter>
    </ClCompile>
    <ClCompile Include="GeneratedFiles\Debug\moc_tooloptions.cpp">
      <Filter>Generated Files\Debug</Filter>
    </ClCompile>
    <ClCompile Include="GeneratedFiles\Release\moc_tooloptions.cpp">
      <Filter>Generated Files\Release</Filter>
    </ClCompile>
    <ClCompile Include="GeneratedFiles\Debug\moc_checkbox.cpp">
      <Filter>Generated Files\Debug</Filter>
    </ClCompile>
    <ClCompile Include="GeneratedFiles\Release\moc_checkbox.cpp">
      <Filter>Generated Files\Release</Filter>
    </ClCompile>
    <ClCompile Include="GeneratedFiles\Debug\moc_menubarcommand.cpp">
      <Filter>Generated Files\Debug</Filter>
    </ClCompile>
    <ClCompile Include="GeneratedFiles\Release\moc_menubarcommand.cpp">
      <Filter>Generated Files\Release</Filter>
    </ClCompile>
    <ClCompile Include="OpenToonz\menubarcommand.cpp">
      <Filter>OpenToonz</Filter>
    </ClCompile>
    <ClCompile Include="GeneratedFiles\Debug\moc_dvdialog.cpp">
      <Filter>Generated Files\Debug</Filter>
    </ClCompile>
    <ClCompile Include="GeneratedFiles\Release\moc_dvdialog.cpp">
      <Filter>Generated Files\Release</Filter>
    </ClCompile>
    <ClCompile Include="GeneratedFiles\Debug\moc_tmsgcore.cpp">
      <Filter>Generated Files\Debug</Filter>
    </ClCompile>
    <ClCompile Include="GeneratedFiles\Release\moc_tmsgcore.cpp">
      <Filter>Generated Files\Release</Filter>
    </ClCompile>
    <ClCompile Include="OpenToonz\dvdialog.cpp">
      <Filter>OpenToonz</Filter>
    </ClCompile>
    <ClCompile Include="GeneratedFiles\Debug\moc_lineedit.cpp">
      <Filter>Generated Files\Debug</Filter>
    </ClCompile>
    <ClCompile Include="GeneratedFiles\Release\moc_lineedit.cpp">
      <Filter>Generated Files\Release</Filter>
    </ClCompile>
    <ClCompile Include="GeneratedFiles\Debug\moc_fxsettings.cpp">
      <Filter>Generated Files\Debug</Filter>
    </ClCompile>
    <ClCompile Include="GeneratedFiles\Release\moc_fxsettings.cpp">
      <Filter>Generated Files\Release</Filter>
    </ClCompile>
    <ClCompile Include="GeneratedFiles\Debug\moc_tabbar.cpp">
      <Filter>Generated Files\Debug</Filter>
    </ClCompile>
    <ClCompile Include="GeneratedFiles\Release\moc_tabbar.cpp">
      <Filter>Generated Files\Release</Filter>
    </ClCompile>
    <ClCompile Include="GeneratedFiles\Debug\moc_framenavigator.cpp">
      <Filter>Generated Files\Debug</Filter>
    </ClCompile>
    <ClCompile Include="GeneratedFiles\Release\moc_framenavigator.cpp">
      <Filter>Generated Files\Release</Filter>
    </ClCompile>
    <ClCompile Include="GeneratedFiles\Debug\moc_intfield.cpp">
      <Filter>Generated Files\Debug</Filter>
    </ClCompile>
    <ClCompile Include="GeneratedFiles\Release\moc_intfield.cpp">
      <Filter>Generated Files\Release</Filter>
    </ClCompile>
    <ClCompile Include="GeneratedFiles\Debug\moc_paramfield.cpp">
      <Filter>Generated Files\Debug</Filter>
    </ClCompile>
    <ClCompile Include="GeneratedFiles\Release\moc_paramfield.cpp">
      <Filter>Generated Files\Release</Filter>
    </ClCompile>
    <ClCompile Include="GeneratedFiles\Debug\moc_tundo.cpp">
      <Filter>Generated Files\Debug</Filter>
    </ClCompile>
    <ClCompile Include="GeneratedFiles\Release\moc_tundo.cpp">
      <Filter>Generated Files\Release</Filter>
    </ClCompile>
    <ClCompile Include="GeneratedFiles\Debug\moc_tfxhandle.cpp">
      <Filter>Generated Files\Debug</Filter>
    </ClCompile>
    <ClCompile Include="GeneratedFiles\Release\moc_tfxhandle.cpp">
      <Filter>Generated Files\Release</Filter>
    </ClCompile>
    <ClCompile Include="GeneratedFiles\Debug\moc_swatchviewer.cpp">
      <Filter>Generated Files\Debug</Filter>
    </ClCompile>
    <ClCompile Include="GeneratedFiles\Release\moc_swatchviewer.cpp">
      <Filter>Generated Files\Release</Filter>
    </ClCompile>
    <ClCompile Include="GeneratedFiles\Debug\moc_tthread.cpp">
      <Filter>Generated Files\Debug</Filter>
    </ClCompile>
    <ClCompile Include="GeneratedFiles\Release\moc_tthread.cpp">
      <Filter>Generated Files\Release</Filter>
    </ClCompile>
    <ClCompile Include="OpenToonz\tcheckboard.cpp">
      <Filter>OpenToonz</Filter>
    </ClCompile>
    <ClCompile Include="GeneratedFiles\Debug\moc_fxhistogramrender.cpp">
      <Filter>Generated Files\Debug</Filter>
    </ClCompile>
    <ClCompile Include="GeneratedFiles\Release\moc_fxhistogramrender.cpp">
      <Filter>Generated Files\Release</Filter>
    </ClCompile>
    <ClCompile Include="GeneratedFiles\Debug\moc_txshsimplelevel.cpp">
      <Filter>Generated Files\Debug</Filter>
    </ClCompile>
    <ClCompile Include="GeneratedFiles\Release\moc_txshsimplelevel.cpp">
      <Filter>Generated Files\Release</Filter>
    </ClCompile>
    <ClCompile Include="GeneratedFiles\Debug\moc_txsheethandle.cpp">
      <Filter>Generated Files\Debug</Filter>
    </ClCompile>
    <ClCompile Include="GeneratedFiles\Release\moc_txsheethandle.cpp">
      <Filter>Generated Files\Release</Filter>
    </ClCompile>
    <ClCompile Include="GeneratedFiles\Debug\moc_txshlevel.cpp">
      <Filter>Generated Files\Debug</Filter>
    </ClCompile>
    <ClCompile Include="GeneratedFiles\Release\moc_txshlevel.cpp">
      <Filter>Generated Files\Release</Filter>
    </ClCompile>
    <ClCompile Include="GeneratedFiles\Debug\moc_preferences.cpp">
      <Filter>Generated Files\Debug</Filter>
    </ClCompile>
    <ClCompile Include="GeneratedFiles\Release\moc_preferences.cpp">
      <Filter>Generated Files\Release</Filter>
    </ClCompile>
  </ItemGroup>
  <ItemGroup>
    <CustomBuild Include="extractopentoonz.h">
      <Filter>Header Files</Filter>
    </CustomBuild>
    <CustomBuild Include="extractopentoonz.ui">
      <Filter>Form Files</Filter>
    </CustomBuild>
    <CustomBuild Include="extractopentoonz.qrc">
      <Filter>Resource Files</Filter>
    </CustomBuild>
    <CustomBuild Include="OpenToonz\MeshOptionDialog.h">
      <Filter>OpenToonz</Filter>
    </CustomBuild>
    <CustomBuild Include="SheetCanvas.h">
      <Filter>Header Files</Filter>
    </CustomBuild>
    <CustomBuild Include="OpenToonz\plastictool.h">
      <Filter>OpenToonz</Filter>
    </CustomBuild>
    <CustomBuild Include="OpenToonz\tools\tooloptions.h">
      <Filter>OpenToonz\tools</Filter>
    </CustomBuild>
    <CustomBuild Include="OpenToonz\checkbox.h">
      <Filter>OpenToonz</Filter>
    </CustomBuild>
    <CustomBuild Include="OpenToonz\menubarcommand.h">
      <Filter>OpenToonz</Filter>
    </CustomBuild>
    <CustomBuild Include="OpenToonz\dvdialog.h">
      <Filter>OpenToonz</Filter>
    </CustomBuild>
    <CustomBuild Include="OpenToonz\tmsgcore.h">
      <Filter>OpenToonz</Filter>
    </CustomBuild>
    <CustomBuild Include="OpenToonz\lineedit.h">
      <Filter>OpenToonz</Filter>
    </CustomBuild>
    <CustomBuild Include="OpenToonz\fxsettings.h">
      <Filter>OpenToonz</Filter>
    </CustomBuild>
    <CustomBuild Include="OpenToonz\tabbar.h">
      <Filter>OpenToonz</Filter>
    </CustomBuild>
    <CustomBuild Include="OpenToonz\framenavigator.h">
      <Filter>OpenToonz</Filter>
    </CustomBuild>
    <CustomBuild Include="OpenToonz\intfield.h">
      <Filter>OpenToonz</Filter>
    </CustomBuild>
    <CustomBuild Include="OpenToonz\paramfield.h">
      <Filter>OpenToonz</Filter>
    </CustomBuild>
    <CustomBuild Include="OpenToonz\tundo.h">
      <Filter>OpenToonz</Filter>
    </CustomBuild>
    <CustomBuild Include="OpenToonz\toonz\tfxhandle.h">
      <Filter>OpenToonz\toonz</Filter>
    </CustomBuild>
    <CustomBuild Include="OpenToonz\swatchviewer.h">
      <Filter>OpenToonz</Filter>
    </CustomBuild>
    <CustomBuild Include="OpenToonz\tthread.h">
      <Filter>OpenToonz</Filter>
    </CustomBuild>
    <CustomBuild Include="OpenToonz\fxhistogramrender.h">
      <Filter>OpenToonz</Filter>
    </CustomBuild>
    <CustomBuild Include="OpenToonz\toonz\txshsimplelevel.h">
      <Filter>OpenToonz\toonz</Filter>
    </CustomBuild>
    <CustomBuild Include="OpenToonz\toonz\txsheethandle.h">
      <Filter>OpenToonz\toonz</Filter>
    </CustomBuild>
    <CustomBuild Include="OpenToonz\toonz\txshlevel.h">
      <Filter>OpenToonz\toonz</Filter>
    </CustomBuild>
    <CustomBuild Include="OpenToonz\toonz\preferences.h">
      <Filter>OpenToonz\toonz</Filter>
    </CustomBuild>
  </ItemGroup>
  <ItemGroup>
    <ClInclude Include="GeneratedFiles\ui_extractopentoonz.h">
      <Filter>Generated Files</Filter>
    </ClInclude>
    <ClInclude Include="OpenToonz\gutil.h">
      <Filter>OpenToonz</Filter>
    </ClInclude>
    <ClInclude Include="OpenToonz\meshbuilder.h">
      <Filter>OpenToonz</Filter>
    </ClInclude>
    <ClInclude Include="OpenToonz\meshtexturizer.h">
      <Filter>OpenToonz</Filter>
    </ClInclude>
    <ClInclude Include="OpenToonz\meshutils.h">
      <Filter>OpenToonz</Filter>
    </ClInclude>
    <ClInclude Include="OpenToonz\plasticdeformer.h">
      <Filter>OpenToonz</Filter>
    </ClInclude>
    <ClInclude Include="OpenToonz\plasticdeformerstorage.h">
      <Filter>OpenToonz</Filter>
    </ClInclude>
    <ClInclude Include="OpenToonz\plastichandle.h">
      <Filter>OpenToonz</Filter>
    </ClInclude>
    <ClInclude Include="OpenToonz\tatomicvar.h">
      <Filter>OpenToonz</Filter>
    </ClInclude>
    <ClInclude Include="OpenToonz\tbigmemorymanager.h">
      <Filter>OpenToonz</Filter>
    </ClInclude>
    <ClInclude Include="OpenToonz\tcg_wrap.h">
      <Filter>OpenToonz</Filter>
    </ClInclude>
    <ClInclude Include="OpenToonz\tcommon.h">
      <Filter>OpenToonz</Filter>
    </ClInclude>
    <ClInclude Include="OpenToonz\tconvert.h">
      <Filter>OpenToonz</Filter>
    </ClInclude>
    <ClInclude Include="OpenToonz\texception.h">
      <Filter>OpenToonz</Filter>
    </ClInclude>
    <ClInclude Include="OpenToonz\tgeometry.h">
      <Filter>OpenToonz</Filter>
    </ClInclude>
    <ClInclude Include="OpenToonz\tgl.h">
      <Filter>OpenToonz</Filter>
    </ClInclude>
    <ClInclude Include="OpenToonz\timage.h">
      <Filter>OpenToonz</Filter>
    </ClInclude>
    <ClInclude Include="OpenToonz\tmachine.h">
      <Filter>OpenToonz</Filter>
    </ClInclude>
    <ClInclude Include="OpenToonz\tmeshimage.h">
      <Filter>OpenToonz</Filter>
    </ClInclude>
    <ClInclude Include="OpenToonz\tnztypes.h">
      <Filter>OpenToonz</Filter>
    </ClInclude>
    <ClInclude Include="OpenToonz\tpixel.h">
      <Filter>OpenToonz</Filter>
    </ClInclude>
    <ClInclude Include="OpenToonz\tpixelcm.h">
      <Filter>OpenToonz</Filter>
    </ClInclude>
    <ClInclude Include="OpenToonz\tpixelgr.h">
      <Filter>OpenToonz</Filter>
    </ClInclude>
    <ClInclude Include="OpenToonz\tpixelutils.h">
      <Filter>OpenToonz</Filter>
    </ClInclude>
    <ClInclude Include="OpenToonz\traster.h">
      <Filter>OpenToonz</Filter>
    </ClInclude>
    <ClInclude Include="OpenToonz\trastercm.h">
      <Filter>OpenToonz</Filter>
    </ClInclude>
    <ClInclude Include="OpenToonz\trasterimage.h">
      <Filter>OpenToonz</Filter>
    </ClInclude>
    <ClInclude Include="OpenToonz\trop.h">
      <Filter>OpenToonz</Filter>
    </ClInclude>
    <ClInclude Include="OpenToonz\trop_borders.h">
      <Filter>OpenToonz</Filter>
    </ClInclude>
    <ClInclude Include="OpenToonz\tsmartpointer.h">
      <Filter>OpenToonz</Filter>
    </ClInclude>
    <ClInclude Include="OpenToonz\ttexturesstorage.h">
      <Filter>OpenToonz</Filter>
    </ClInclude>
    <ClInclude Include="OpenToonz\tthreadmessage.h">
      <Filter>OpenToonz</Filter>
    </ClInclude>
    <ClInclude Include="OpenToonz\tutil.h">
      <Filter>OpenToonz</Filter>
    </ClInclude>
    <ClInclude Include="OpenToonz\tcg\alignment.h">
      <Filter>OpenToonz\tcg</Filter>
    </ClInclude>
    <ClInclude Include="OpenToonz\tcg\base.h">
      <Filter>OpenToonz\tcg</Filter>
    </ClInclude>
    <ClInclude Include="OpenToonz\tcg\consts.h">
      <Filter>OpenToonz\tcg</Filter>
    </ClInclude>
    <ClInclude Include="OpenToonz\tcg\containers_reader.h">
      <Filter>OpenToonz\tcg</Filter>
    </ClInclude>
    <ClInclude Include="OpenToonz\tcg\cyclic.h">
      <Filter>OpenToonz\tcg</Filter>
    </ClInclude>
    <ClInclude Include="OpenToonz\tcg\edge.h">
      <Filter>OpenToonz\tcg</Filter>
    </ClInclude>
    <ClInclude Include="OpenToonz\tcg\face.h">
      <Filter>OpenToonz\tcg</Filter>
    </ClInclude>
    <ClInclude Include="OpenToonz\tcg\hash.h">
      <Filter>OpenToonz\tcg</Filter>
    </ClInclude>
    <ClInclude Include="OpenToonz\tcg\iterator_ops.h">
      <Filter>OpenToonz\tcg</Filter>
    </ClInclude>
    <ClInclude Include="OpenToonz\tcg\list.h">
      <Filter>OpenToonz\tcg</Filter>
    </ClInclude>
    <ClInclude Include="OpenToonz\tcg\macros.h">
      <Filter>OpenToonz\tcg</Filter>
    </ClInclude>
    <ClInclude Include="OpenToonz\tcg\mesh.h">
      <Filter>OpenToonz\tcg</Filter>
    </ClInclude>
    <ClInclude Include="OpenToonz\tcg\mesh_bgl.h">
      <Filter>OpenToonz\tcg</Filter>
    </ClInclude>
    <ClInclude Include="OpenToonz\tcg\numeric_ops.h">
      <Filter>OpenToonz\tcg</Filter>
    </ClInclude>
    <ClInclude Include="OpenToonz\tcg\observer_notifier.h">
      <Filter>OpenToonz\tcg</Filter>
    </ClInclude>
    <ClInclude Include="OpenToonz\tcg\point.h">
      <Filter>OpenToonz\tcg</Filter>
    </ClInclude>
    <ClInclude Include="OpenToonz\tcg\point_ops.h">
      <Filter>OpenToonz\tcg</Filter>
    </ClInclude>
    <ClInclude Include="OpenToonz\tcg\poly_ops.h">
      <Filter>OpenToonz\tcg</Filter>
    </ClInclude>
    <ClInclude Include="OpenToonz\tcg\polyline_ops.h">
      <Filter>OpenToonz\tcg</Filter>
    </ClInclude>
    <ClInclude Include="OpenToonz\tcg\ptr.h">
      <Filter>OpenToonz\tcg</Filter>
    </ClInclude>
    <ClInclude Include="OpenToonz\tcg\sequence_ops.h">
      <Filter>OpenToonz\tcg</Filter>
    </ClInclude>
    <ClInclude Include="OpenToonz\tcg\sfinae.h">
      <Filter>OpenToonz\tcg</Filter>
    </ClInclude>
    <ClInclude Include="OpenToonz\tcg\tcg_containers_reader.h">
      <Filter>OpenToonz\tcg</Filter>
    </ClInclude>
    <ClInclude Include="OpenToonz\tcg\tcg_cyclic.h">
      <Filter>OpenToonz\tcg</Filter>
    </ClInclude>
    <ClInclude Include="OpenToonz\tcg\tcg_edge.h">
      <Filter>OpenToonz\tcg</Filter>
    </ClInclude>
    <ClInclude Include="OpenToonz\tcg\tcg_face.h">
      <Filter>OpenToonz\tcg</Filter>
    </ClInclude>
    <ClInclude Include="OpenToonz\tcg\tcg_hash.h">
      <Filter>OpenToonz\tcg</Filter>
    </ClInclude>
    <ClInclude Include="OpenToonz\tcg\tcg_iterator_ops.h">
      <Filter>OpenToonz\tcg</Filter>
    </ClInclude>
    <ClInclude Include="OpenToonz\tcg\tcg_list.h">
      <Filter>OpenToonz\tcg</Filter>
    </ClInclude>
    <ClInclude Include="OpenToonz\tcg\tcg_mesh.h">
      <Filter>OpenToonz\tcg</Filter>
    </ClInclude>
    <ClInclude Include="OpenToonz\tcg\tcg_mesh_bgl.h">
      <Filter>OpenToonz\tcg</Filter>
    </ClInclude>
    <ClInclude Include="OpenToonz\tcg\tcg_misc.h">
      <Filter>OpenToonz\tcg</Filter>
    </ClInclude>
    <ClInclude Include="OpenToonz\tcg\tcg_observer_notifier.h">
      <Filter>OpenToonz\tcg</Filter>
    </ClInclude>
    <ClInclude Include="OpenToonz\tcg\tcg_point.h">
      <Filter>OpenToonz\tcg</Filter>
    </ClInclude>
    <ClInclude Include="OpenToonz\tcg\tcg_polylineops.h">
      <Filter>OpenToonz\tcg</Filter>
    </ClInclude>
    <ClInclude Include="OpenToonz\tcg\tcg_sequence_ops.h">
      <Filter>OpenToonz\tcg</Filter>
    </ClInclude>
    <ClInclude Include="OpenToonz\tcg\tcg_traits.h">
      <Filter>OpenToonz\tcg</Filter>
    </ClInclude>
    <ClInclude Include="OpenToonz\tcg\tcg_triangulate.h">
      <Filter>OpenToonz\tcg</Filter>
    </ClInclude>
    <ClInclude Include="OpenToonz\tcg\tcg_vertex.h">
      <Filter>OpenToonz\tcg</Filter>
    </ClInclude>
    <ClInclude Include="OpenToonz\tcg\traits.h">
      <Filter>OpenToonz\tcg</Filter>
    </ClInclude>
    <ClInclude Include="OpenToonz\tcg\triangulate.h">
      <Filter>OpenToonz\tcg</Filter>
    </ClInclude>
    <ClInclude Include="OpenToonz\tcg\vertex.h">
      <Filter>OpenToonz\tcg</Filter>
    </ClInclude>
    <ClInclude Include="OpenToonz\tcg\hpp\mesh.hpp">
      <Filter>OpenToonz\tcg\hpp</Filter>
    </ClInclude>
    <ClInclude Include="OpenToonz\tcg\hpp\polyline_ops.hpp">
      <Filter>OpenToonz\tcg\hpp</Filter>
    </ClInclude>
    <ClInclude Include="OpenToonz\tcg\hpp\sequence_ops.hpp">
      <Filter>OpenToonz\tcg\hpp</Filter>
    </ClInclude>
    <ClInclude Include="OpenToonz\tcg\hpp\triangulate.hpp">
      <Filter>OpenToonz\tcg\hpp</Filter>
    </ClInclude>
    <ClInclude Include="OpenToonz\common\trop\pixelselectors.h">
      <Filter>OpenToonz\common\trop</Filter>
    </ClInclude>
    <ClInclude Include="OpenToonz\common\trop\raster_edge_evaluator.h">
      <Filter>OpenToonz\common\trop</Filter>
    </ClInclude>
    <ClInclude Include="OpenToonz\common\trop\raster_edge_evaluator.hpp">
      <Filter>OpenToonz\common\trop</Filter>
    </ClInclude>
    <ClInclude Include="OpenToonz\common\trop\raster_edge_iterator.h">
      <Filter>OpenToonz\common\trop</Filter>
    </ClInclude>
    <ClInclude Include="OpenToonz\common\trop\raster_edge_iterator.hpp">
      <Filter>OpenToonz\common\trop</Filter>
    </ClInclude>
    <ClInclude Include="OpenToonz\common\trop\runsmap.h">
      <Filter>OpenToonz\common\trop</Filter>
    </ClInclude>
    <ClInclude Include="OpenToonz\common\trop\borders_extractor.h">
      <Filter>OpenToonz\common\trop</Filter>
    </ClInclude>
    <ClInclude Include="OpenToonz\common\trop\borders_extractor.hpp">
      <Filter>OpenToonz\common\trop</Filter>
    </ClInclude>
    <ClInclude Include="OpenToonz\tparamchange.h">
      <Filter>OpenToonz</Filter>
    </ClInclude>
    <ClInclude Include="OpenToonz\tdoubleparamrelayproperty.h">
      <Filter>OpenToonz</Filter>
    </ClInclude>
    <ClInclude Include="OpenToonz\tdoubleparam.h">
      <Filter>OpenToonz</Filter>
    </ClInclude>
    <ClInclude Include="OpenToonz\tparam.h">
      <Filter>OpenToonz</Filter>
    </ClInclude>
    <ClInclude Include="OpenToonz\tpersist.h">
      <Filter>OpenToonz</Filter>
    </ClInclude>
    <ClInclude Include="OpenToonz\tfilepath.h">
      <Filter>OpenToonz</Filter>
    </ClInclude>
    <ClInclude Include="OpenToonz\plasticskeleton.h">
      <Filter>OpenToonz</Filter>
    </ClInclude>
    <ClInclude Include="OpenToonz\plasticskeletondeformation.h">
      <Filter>OpenToonz</Filter>
    </ClInclude>
    <ClInclude Include="OpenToonz\tdoublekeyframe.h">
      <Filter>OpenToonz</Filter>
    </ClInclude>
    <ClInclude Include="OpenToonz\tcg\any_iterator.h">
      <Filter>OpenToonz\tcg</Filter>
    </ClInclude>
    <ClInclude Include="OpenToonz\tcg\tcg_any_iterator.h">
      <Filter>OpenToonz\tcg</Filter>
    </ClInclude>
    <ClInclude Include="OpenToonz\plasticvisualsettings.h">
      <Filter>OpenToonz</Filter>
    </ClInclude>
    <ClInclude Include="OpenToonz\plasticvertexselection.h">
      <Filter>OpenToonz</Filter>
    </ClInclude>
    <ClInclude Include="OpenToonz\multipleselection.h">
      <Filter>OpenToonz</Filter>
    </ClInclude>
    <ClInclude Include="OpenToonz\selection.h">
      <Filter>OpenToonz</Filter>
    </ClInclude>
    <ClInclude Include="OpenToonz\tools\cursors.h">
      <Filter>OpenToonz\tools</Filter>
    </ClInclude>
    <ClInclude Include="OpenToonz\tools\tool.h">
      <Filter>OpenToonz\tools</Filter>
    </ClInclude>
    <ClInclude Include="OpenToonz\toonz\tstageobjectid.h">
      <Filter>OpenToonz\toonz</Filter>
    </ClInclude>
    <ClInclude Include="OpenToonz\toonz\txsheet.h">
      <Filter>OpenToonz\toonz</Filter>
    </ClInclude>
    <ClInclude Include="OpenToonz\toonz\imagepainter.h">
      <Filter>OpenToonz\toonz</Filter>
    </ClInclude>
    <ClInclude Include="OpenToonz\toonz\tapplication.h">
      <Filter>OpenToonz\toonz</Filter>
    </ClInclude>
    <ClInclude Include="OpenToonz\tsound.h">
      <Filter>OpenToonz</Filter>
    </ClInclude>
    <ClInclude Include="OpenToonz\toonz\txshcolumn.h">
      <Filter>OpenToonz\toonz</Filter>
    </ClInclude>
    <ClInclude Include="OpenToonz\tcolumnset.h">
      <Filter>OpenToonz</Filter>
    </ClInclude>
    <ClInclude Include="OpenToonz\ttoonzimage.h">
      <Filter>OpenToonz</Filter>
    </ClInclude>
    <ClInclude Include="OpenToonz\toonz\tstageobject.h">
      <Filter>OpenToonz\toonz</Filter>
    </ClInclude>
    <ClInclude Include="OpenToonz\tcg\controlled_access.h">
      <Filter>OpenToonz\tcg</Filter>
    </ClInclude>
    <ClInclude Include="OpenToonz\tcg\tcg_controlled_access.h">
      <Filter>OpenToonz\tcg</Filter>
    </ClInclude>
    <ClInclude Include="OpenToonz\toonz\tstageobjectkeyframe.h">
      <Filter>OpenToonz\toonz</Filter>
    </ClInclude>
    <ClInclude Include="OpenToonz\tcg\tcg_base.h">
      <Filter>OpenToonz\tcg</Filter>
    </ClInclude>
    <ClInclude Include="OpenToonz\tproperty.h">
      <Filter>OpenToonz</Filter>
    </ClInclude>
    <ClInclude Include="OpenToonz\toonzfolders.h">
      <Filter>OpenToonz</Filter>
    </ClInclude>
    <ClInclude Include="OpenToonz\tfx.h">
      <Filter>OpenToonz</Filter>
    </ClInclude>
    <ClInclude Include="OpenToonz\ttile.h">
      <Filter>OpenToonz</Filter>
    </ClInclude>
    <ClInclude Include="OpenToonz\timagecache.h">
      <Filter>OpenToonz</Filter>
    </ClInclude>
    <ClInclude Include="OpenToonz\tnotanimatableparam.h">
      <Filter>OpenToonz</Filter>
    </ClInclude>
    <ClInclude Include="OpenToonz\tspectrumparam.h">
      <Filter>OpenToonz</Filter>
    </ClInclude>
    <ClInclude Include="OpenToonz\tspectrum.h">
      <Filter>OpenToonz</Filter>
    </ClInclude>
    <ClInclude Include="OpenToonz\tparamset.h">
      <Filter>OpenToonz</Filter>
    </ClInclude>
    <ClInclude Include="OpenToonz\ttonecurveparam.h">
      <Filter>OpenToonz</Filter>
    </ClInclude>
    <ClInclude Include="OpenToonz\tstroke.h">
      <Filter>OpenToonz</Filter>
    </ClInclude>
    <ClInclude Include="OpenToonz\historytypes.h">
      <Filter>OpenToonz</Filter>
    </ClInclude>
    <ClInclude Include="OpenToonz\trenderer.h">
      <Filter>OpenToonz</Filter>
    </ClInclude>
    <ClInclude Include="OpenToonz\trasterfx.h">
      <Filter>OpenToonz</Filter>
    </ClInclude>
    <ClInclude Include="OpenToonz\trasterfxrenderdata.h">
      <Filter>OpenToonz</Filter>
    </ClInclude>
    <ClInclude Include="OpenToonz\toonz\imagemanager.h">
      <Filter>OpenToonz\toonz</Filter>
    </ClInclude>
    <ClInclude Include="OpenToonz\timageinfo.h">
      <Filter>OpenToonz</Filter>
    </ClInclude>
    <ClInclude Include="OpenToonz\toonz\txshleveltypes.h">
      <Filter>OpenToonz\toonz</Filter>
    </ClInclude>
    <ClInclude Include="OpenToonz\toonz\palettecmd.h">
      <Filter>OpenToonz\toonz</Filter>
    </ClInclude>
    <ClInclude Include="OpenToonz\toonz\tpalette.h">
      <Filter>OpenToonz\toonz</Filter>
    </ClInclude>
    <ClInclude Include="OpenToonz\toonz\levelproperties.h">
      <Filter>OpenToonz\toonz</Filter>
    </ClInclude>
    <ClInclude Include="OpenToonz\toonz\toonzfolders.h">
      <Filter>OpenToonz\toonz</Filter>
    </ClInclude>
  </ItemGroup>
</Project>